
Microsoft Visual Studio Solution File, Format Version 12.00
# Visual Studio 15
VisualStudioVersion = 15.0.27004.2005
MinimumVisualStudioVersion = 10.0.40219.1
Project("{9A19103F-16F7-4668-BE54-9A1E7A4F7556}") = "KokoroIoGitHubNotificationBot", "KokoroIoGitHubNotificationBot\KokoroIoGitHubNotificationBot.csproj", "{1A835358-F766-41EE-AB68-CFB38F6E48D9}"
EndProject
Project("{9A19103F-16F7-4668-BE54-9A1E7A4F7556}") = "Shipwreck.GithubClient", "github-rest\src\Shipwreck.GithubClient\Shipwreck.GithubClient.csproj", "{3749BF6C-D75C-48CD-88AF-97FD48E4CB02}"
EndProject
Global
	GlobalSection(SolutionConfigurationPlatforms) = preSolution
		Debug|Any CPU = Debug|Any CPU
		Release|Any CPU = Release|Any CPU
	EndGlobalSection
	GlobalSection(ProjectConfigurationPlatforms) = postSolution
		{1A835358-F766-41EE-AB68-CFB38F6E48D9}.Debug|Any CPU.ActiveCfg = Debug|Any CPU
		{1A835358-F766-41EE-AB68-CFB38F6E48D9}.Debug|Any CPU.Build.0 = Debug|Any CPU
		{1A835358-F766-41EE-AB68-CFB38F6E48D9}.Release|Any CPU.ActiveCfg = Release|Any CPU
		{1A835358-F766-41EE-AB68-CFB38F6E48D9}.Release|Any CPU.Build.0 = Release|Any CPU
		{3749BF6C-D75C-48CD-88AF-97FD48E4CB02}.Debug|Any CPU.ActiveCfg = Debug|Any CPU
		{3749BF6C-D75C-48CD-88AF-97FD48E4CB02}.Debug|Any CPU.Build.0 = Debug|Any CPU
		{3749BF6C-D75C-48CD-88AF-97FD48E4CB02}.Release|Any CPU.ActiveCfg = Release|Any CPU
		{3749BF6C-D75C-48CD-88AF-97FD48E4CB02}.Release|Any CPU.Build.0 = Release|Any CPU
	EndGlobalSection
	GlobalSection(SolutionProperties) = preSolution
		HideSolutionNode = FALSE
	EndGlobalSection
	GlobalSection(ExtensibilityGlobals) = postSolution
		SolutionGuid = {92FF786B-2FF3-4524-9FF2-12BD8B7754BC}
	EndGlobalSection
EndGlobal
